// !$*UTF8*$!
{
	archiveVersion = 1;
	classes = {
	};
	objectVersion = 77;
	objects = {

/* Begin PBXContainerItemProxy section */
		5D77CDDC2DDF3CC0000BF790 /* PBXContainerItemProxy */ = {
			isa = PBXContainerItemProxy;
			containerPortal = 5DDE72542DDBC04900AB478E /* Project object */;
			proxyType = 1;
			remoteGlobalIDString = 5DDE725B2DDBC04900AB478E;
			remoteInfo = WinkyWeeklyApp;
		};
		5D77CDF22DDF40D4000BF790 /* PBXContainerItemProxy */ = {
			isa = PBXContainerItemProxy;
			containerPortal = 5DDE72542DDBC04900AB478E /* Project object */;
			proxyType = 1;
			remoteGlobalIDString = 5DDE725B2DDBC04900AB478E;
			remoteInfo = WinkyWeeklyApp;
		};
/* End PBXContainerItemProxy section */

/* Begin PBXFileReference section */
		5D77CDD82DDF3CC0000BF790 /* WinkyWeeklyAppTests.xctest */ = {isa = PBXFileReference; explicitFileType = wrapper.cfbundle; includeInIndex = 0; path = WinkyWeeklyAppTests.xctest; sourceTree = BUILT_PRODUCTS_DIR; };
		5D77CDEE2DDF40D4000BF790 /* AddSubjectViewControllerTests.xctest */ = {isa = PBXFileReference; explicitFileType = wrapper.cfbundle; includeInIndex = 0; path = AddSubjectViewControllerTests.xctest; sourceTree = BUILT_PRODUCTS_DIR; };
		5DDE725C2DDBC04900AB478E /* WinkyWeeklyApp.app */ = {isa = PBXFileReference; explicitFileType = wrapper.application; includeInIndex = 0; path = WinkyWeeklyApp.app; sourceTree = BUILT_PRODUCTS_DIR; };
/* End PBXFileReference section */

/* Begin PBXFileSystemSynchronizedBuildFileExceptionSet section */
		5DDE72712DDBC04A00AB478E /* Exceptions for "WinkyWeeklyApp" folder in "WinkyWeeklyApp" target */ = {
			isa = PBXFileSystemSynchronizedBuildFileExceptionSet;
			membershipExceptions = (
				Info.plist,
			);
			target = 5DDE725B2DDBC04900AB478E /* WinkyWeeklyApp */;
		};
/* End PBXFileSystemSynchronizedBuildFileExceptionSet section */

/* Begin PBXFileSystemSynchronizedRootGroup section */
		5D77CDD92DDF3CC0000BF790 /* WinkyWeeklyAppTests */ = {
			isa = PBXFileSystemSynchronizedRootGroup;
			path = WinkyWeeklyAppTests;
			sourceTree = "<group>";
		};
		5DDE725E2DDBC04900AB478E /* WinkyWeeklyApp */ = {
			isa = PBXFileSystemSynchronizedRootGroup;
			exceptions = (
				5DDE72712DDBC04A00AB478E /* Exceptions for "WinkyWeeklyApp" folder in "WinkyWeeklyApp" target */,
			);
			path = WinkyWeeklyApp;
			sourceTree = "<group>";
		};
/* End PBXFileSystemSynchronizedRootGroup section */

/* Begin PBXFrameworksBuildPhase section */
		5D77CDD52DDF3CC0000BF790 /* Frameworks */ = {
			isa = PBXFrameworksBuildPhase;
			buildActionMask = 2147483647;
			files = (
			);
			runOnlyForDeploymentPostprocessing = 0;
		};
		5D77CDEB2DDF40D4000BF790 /* Frameworks */ = {
			isa = PBXFrameworksBuildPhase;
			buildActionMask = 2147483647;
			files = (
			);
			runOnlyForDeploymentPostprocessing = 0;
		};
		5DDE72592DDBC04900AB478E /* Frameworks */ = {
			isa = PBXFrameworksBuildPhase;
			buildActionMask = 2147483647;
			files = (
			);
			runOnlyForDeploymentPostprocessing = 0;
		};
/* End PBXFrameworksBuildPhase section */

/* Begin PBXGroup section */
		5DDE72532DDBC04900AB478E = {
			isa = PBXGroup;
			children = (
				5DDE725E2DDBC04900AB478E /* WinkyWeeklyApp */,
				5D77CDD92DDF3CC0000BF790 /* WinkyWeeklyAppTests */,
				5DDE725D2DDBC04900AB478E /* Products */,
			);
			sourceTree = "<group>";
		};
		5DDE725D2DDBC04900AB478E /* Products */ = {
			isa = PBXGroup;
			children = (
				5DDE725C2DDBC04900AB478E /* WinkyWeeklyApp.app */,
				5D77CDD82DDF3CC0000BF790 /* WinkyWeeklyAppTests.xctest */,
				5D77CDEE2DDF40D4000BF790 /* AddSubjectViewControllerTests.xctest */,
			);
			name = Products;
			sourceTree = "<group>";
		};
/* End PBXGroup section */

/* Begin PBXNativeTarget section */
		5D77CDD72DDF3CC0000BF790 /* WinkyWeeklyAppTests */ = {
			isa = PBXNativeTarget;
			buildConfigurationList = 5D77CDDE2DDF3CC0000BF790 /* Build configuration list for PBXNativeTarget "WinkyWeeklyAppTests" */;
			buildPhases = (
				5D77CDD42DDF3CC0000BF790 /* Sources */,
				5D77CDD52DDF3CC0000BF790 /* Frameworks */,
				5D77CDD62DDF3CC0000BF790 /* Resources */,
			);
			buildRules = (
			);
			dependencies = (
				5D77CDDD2DDF3CC0000BF790 /* PBXTargetDependency */,
			);
			fileSystemSynchronizedGroups = (
				5D77CDD92DDF3CC0000BF790 /* WinkyWeeklyAppTests */,
			);
			name = WinkyWeeklyAppTests;
			packageProductDependencies = (
			);
			productName = WinkyWeeklyAppTests;
			productReference = 5D77CDD82DDF3CC0000BF790 /* WinkyWeeklyAppTests.xctest */;
			productType = "com.apple.product-type.bundle.unit-test";
		};
		5D77CDED2DDF40D4000BF790 /* AddSubjectViewControllerTests */ = {
			isa = PBXNativeTarget;
			buildConfigurationList = 5D77CDF42DDF40D4000BF790 /* Build configuration list for PBXNativeTarget "AddSubjectViewControllerTests" */;
			buildPhases = (
				5D77CDEA2DDF40D4000BF790 /* Sources */,
				5D77CDEB2DDF40D4000BF790 /* Frameworks */,
				5D77CDEC2DDF40D4000BF790 /* Resources */,
			);
			buildRules = (
			);
			dependencies = (
				5D77CDF32DDF40D4000BF790 /* PBXTargetDependency */,
			);
			name = AddSubjectViewControllerTests;
			packageProductDependencies = (
			);
			productName = AddSubjectViewControllerTests;
			productReference = 5D77CDEE2DDF40D4000BF790 /* AddSubjectViewControllerTests.xctest */;
			productType = "com.apple.product-type.bundle.unit-test";
		};
		5DDE725B2DDBC04900AB478E /* WinkyWeeklyApp */ = {
			isa = PBXNativeTarget;
			buildConfigurationList = 5DDE72722DDBC04A00AB478E /* Build configuration list for PBXNativeTarget "WinkyWeeklyApp" */;
			buildPhases = (
				5DDE72582DDBC04900AB478E /* Sources */,
				5DDE72592DDBC04900AB478E /* Frameworks */,
				5DDE725A2DDBC04900AB478E /* Resources */,
			);
			buildRules = (
			);
			dependencies = (
			);
			fileSystemSynchronizedGroups = (
				5DDE725E2DDBC04900AB478E /* WinkyWeeklyApp */,
			);
			name = WinkyWeeklyApp;
			packageProductDependencies = (
			);
			productName = WinkyWeeklyApp;
			productReference = 5DDE725C2DDBC04900AB478E /* WinkyWeeklyApp.app */;
			productType = "com.apple.product-type.application";
		};
/* End PBXNativeTarget section */

/* Begin PBXProject section */
		5DDE72542DDBC04900AB478E /* Project object */ = {
			isa = PBXProject;
			attributes = {
				BuildIndependentTargetsInParallel = 1;
				LastSwiftUpdateCheck = 1620;
				LastUpgradeCheck = 1620;
				TargetAttributes = {
					5D77CDD72DDF3CC0000BF790 = {
						CreatedOnToolsVersion = 16.2;
						TestTargetID = 5DDE725B2DDBC04900AB478E;
					};
					5D77CDED2DDF40D4000BF790 = {
						CreatedOnToolsVersion = 16.2;
						TestTargetID = 5DDE725B2DDBC04900AB478E;
					};
					5DDE725B2DDBC04900AB478E = {
						CreatedOnToolsVersion = 16.2;
					};
				};
			};
			buildConfigurationList = 5DDE72572DDBC04900AB478E /* Build configuration list for PBXProject "WinkyWeeklyApp" */;
			developmentRegion = en;
			hasScannedForEncodings = 0;
			knownRegions = (
				en,
				Base,
			);
			mainGroup = 5DDE72532DDBC04900AB478E;
			minimizedProjectReferenceProxies = 1;
			preferredProjectObjectVersion = 77;
			productRefGroup = 5DDE725D2DDBC04900AB478E /* Products */;
			projectDirPath = "";
			projectRoot = "";
			targets = (
				5DDE725B2DDBC04900AB478E /* WinkyWeeklyApp */,
				5D77CDD72DDF3CC0000BF790 /* WinkyWeeklyAppTests */,
				5D77CDED2DDF40D4000BF790 /* AddSubjectViewControllerTests */,
			);
		};
/* End PBXProject section */

/* Begin PBXResourcesBuildPhase section */
		5D77CDD62DDF3CC0000BF790 /* Resources */ = {
			isa = PBXResourcesBuildPhase;
			buildActionMask = 2147483647;
			files = (
			);
			runOnlyForDeploymentPostprocessing = 0;
		};
		5D77CDEC2DDF40D4000BF790 /* Resources */ = {
			isa = PBXResourcesBuildPhase;
			buildActionMask = 2147483647;
			files = (
			);
			runOnlyForDeploymentPostprocessing = 0;
		};
		5DDE725A2DDBC04900AB478E /* Resources */ = {
			isa = PBXResourcesBuildPhase;
			buildActionMask = 2147483647;
			files = (
			);
			runOnlyForDeploymentPostprocessing = 0;
		};
/* End PBXResourcesBuildPhase section */

/* Begin PBXSourcesBuildPhase section */
		5D77CDD42DDF3CC0000BF790 /* Sources */ = {
			isa = PBXSourcesBuildPhase;
			buildActionMask = 2147483647;
			files = (
			);
			runOnlyForDeploymentPostprocessing = 0;
		};
		5D77CDEA2DDF40D4000BF790 /* Sources */ = {
			isa = PBXSourcesBuildPhase;
			buildActionMask = 2147483647;
			files = (
			);
			runOnlyForDeploymentPostprocessing = 0;
		};
		5DDE72582DDBC04900AB478E /* Sources */ = {
			isa = PBXSourcesBuildPhase;
			buildActionMask = 2147483647;
			files = (
			);
			runOnlyForDeploymentPostprocessing = 0;
		};
/* End PBXSourcesBuildPhase section */

/* Begin PBXTargetDependency section */
		5D77CDDD2DDF3CC0000BF790 /* PBXTargetDependency */ = {
			isa = PBXTargetDependency;
			target = 5DDE725B2DDBC04900AB478E /* WinkyWeeklyApp */;
			targetProxy = 5D77CDDC2DDF3CC0000BF790 /* PBXContainerItemProxy */;
		};
		5D77CDF32DDF40D4000BF790 /* PBXTargetDependency */ = {
			isa = PBXTargetDependency;
			target = 5DDE725B2DDBC04900AB478E /* WinkyWeeklyApp */;
			targetProxy = 5D77CDF22DDF40D4000BF790 /* PBXContainerItemProxy */;
		};
/* End PBXTargetDependency section */

/* Begin XCBuildConfiguration section */
		5D77CDDF2DDF3CC0000BF790 /* Debug */ = {
			isa = XCBuildConfiguration;
			buildSettings = {
				BUNDLE_LOADER = "$(TEST_HOST)";
				CODE_SIGN_STYLE = Automatic;
				CURRENT_PROJECT_VERSION = 1;
				GENERATE_INFOPLIST_FILE = YES;
				MARKETING_VERSION = 1.0;
				PRODUCT_BUNDLE_IDENTIFIER = com.eunis.WinkyWeeklyAppTests;
				PRODUCT_NAME = "$(TARGET_NAME)";
				SWIFT_EMIT_LOC_STRINGS = NO;
				SWIFT_VERSION = 5.0;
				TARGETED_DEVICE_FAMILY = "1,2";
				TEST_HOST = "$(BUILT_PRODUCTS_DIR)/WinkyWeeklyApp.app/$(BUNDLE_EXECUTABLE_FOLDER_PATH)/WinkyWeeklyApp";
			};
			name = Debug;
		};
		5D77CDE02DDF3CC0000BF790 /* Release */ = {
			isa = XCBuildConfiguration;
			buildSettings = {
				BUNDLE_LOADER = "$(TEST_HOST)";
				CODE_SIGN_STYLE = Automatic;
				CURRENT_PROJECT_VERSION = 1;
				GENERATE_INFOPLIST_FILE = YES;
				MARKETING_VERSION = 1.0;
				PRODUCT_BUNDLE_IDENTIFIER = com.eunis.WinkyWeeklyAppTests;
				PRODUCT_NAME = "$(TARGET_NAME)";
				SWIFT_EMIT_LOC_STRINGS = NO;
				SWIFT_VERSION = 5.0;
				TARGETED_DEVICE_FAMILY = "1,2";
				TEST_HOST = "$(BUILT_PRODUCTS_DIR)/WinkyWeeklyApp.app/$(BUNDLE_EXECUTABLE_FOLDER_PATH)/WinkyWeeklyApp";
			};
			name = Release;
		};
		5D77CDF52DDF40D4000BF790 /* Debug */ = {
			isa = XCBuildConfiguration;
			buildSettings = {
				BUNDLE_LOADER = "$(TEST_HOST)";
				CODE_SIGN_STYLE = Automatic;
				CURRENT_PROJECT_VERSION = 1;
				GENERATE_INFOPLIST_FILE = YES;
				MARKETING_VERSION = 1.0;
				PRODUCT_BUNDLE_IDENTIFIER = com.eunis.AddSubjectViewControllerTests;
				PRODUCT_NAME = "$(TARGET_NAME)";
				SWIFT_EMIT_LOC_STRINGS = NO;
				SWIFT_VERSION = 5.0;
				TARGETED_DEVICE_FAMILY = "1,2";
				TEST_HOST = "$(BUILT_PRODUCTS_DIR)/WinkyWeeklyApp.app/$(BUNDLE_EXECUTABLE_FOLDER_PATH)/WinkyWeeklyApp";
			};
			name = Debug;
		};
		5D77CDF62DDF40D4000BF790 /* Release */ = {
			isa = XCBuildConfiguration;
			buildSettings = {
				BUNDLE_LOADER = "$(TEST_HOST)";
				CODE_SIGN_STYLE = Automatic;
				CURRENT_PROJECT_VERSION = 1;
				GENERATE_INFOPLIST_FILE = YES;
				MARKETING_VERSION = 1.0;
				PRODUCT_BUNDLE_IDENTIFIER = com.eunis.AddSubjectViewControllerTests;
				PRODUCT_NAME = "$(TARGET_NAME)";
				SWIFT_EMIT_LOC_STRINGS = NO;
				SWIFT_VERSION = 5.0;
				TARGETED_DEVICE_FAMILY = "1,2";
				TEST_HOST = "$(BUILT_PRODUCTS_DIR)/WinkyWeeklyApp.app/$(BUNDLE_EXECUTABLE_FOLDER_PATH)/WinkyWeeklyApp";
			};
			name = Release;
		};
		5DDE72732DDBC04A00AB478E /* Debug */ = {
			isa = XCBuildConfiguration;
			buildSettings = {
				ASSETCATALOG_COMPILER_APPICON_NAME = AppIcon;
				ASSETCATALOG_COMPILER_GLOBAL_ACCENT_COLOR_NAME = AccentColor;
				CODE_SIGN_STYLE = Automatic;
				CURRENT_PROJECT_VERSION = 1;
				GENERATE_INFOPLIST_FILE = YES;
				INFOPLIST_FILE = WinkyWeeklyApp/Info.plist;
				INFOPLIST_KEY_UIApplicationSupportsIndirectInputEvents = YES;
				INFOPLIST_KEY_UILaunchStoryboardName = LaunchScreen;
				INFOPLIST_KEY_UIMainStoryboardFile = Main;
				INFOPLIST_KEY_UISupportedInterfaceOrientations = UIInterfaceOrientationPortrait;
				INFOPLIST_KEY_UISupportedInterfaceOrientations_iPad = "UIInterfaceOrientationLandscapeLeft UIInterfaceOrientationLandscapeRight UIInterfaceOrientationPortrait UIInterfaceOrientationPortraitUpsideDown";
				IPHONEOS_DEPLOYMENT_TARGET = 15.6;
				LD_RUNPATH_SEARCH_PATHS = (
					"$(inherited)",
					"@executable_path/Frameworks",
				);
				MARKETING_VERSION = 1.0;
				PRODUCT_BUNDLE_IDENTIFIER = com.eunis.WinkyWeeklyApp;
				PRODUCT_NAME = "$(TARGET_NAME)";
				SUPPORTED_PLATFORMS = "iphoneos iphonesimulator";
				SUPPORTS_MACCATALYST = NO;
				SUPPORTS_MAC_DESIGNED_FOR_IPHONE_IPAD = NO;
				SUPPORTS_XR_DESIGNED_FOR_IPHONE_IPAD = NO;
				SWIFT_EMIT_LOC_STRINGS = YES;
				SWIFT_VERSION = 5.0;
				TARGETED_DEVICE_FAMILY = 1;
			};
			name = Debug;
		};
		5DDE72742DDBC04A00AB478E /* Release */ = {
			isa = XCBuildConfiguration;
			buildSettings = {
				ASSETCATALOG_COMPILER_APPICON_NAME = AppIcon;
				ASSETCATALOG_COMPILER_GLOBAL_ACCENT_COLOR_NAME = AccentColor;
				CODE_SIGN_STYLE = Automatic;
				CURRENT_PROJECT_VERSION = 1;
				GENERATE_INFOPLIST_FILE = YES;
				INFOPLIST_FILE = WinkyWeeklyApp/Info.plist;
				INFOPLIST_KEY_UIApplicationSupportsIndirectInputEvents = YES;
				INFOPLIST_KEY_UILaunchStoryboardName = LaunchScreen;
				INFOPLIST_KEY_UIMainStoryboardFile = Main;
				INFOPLIST_KEY_UISupportedInterfaceOrientations = UIInterfaceOrientationPortrait;
				INFOPLIST_KEY_UISupportedInterfaceOrientations_iPad = "UIInterfaceOrientationLandscapeLeft UIInterfaceOrientationLandscapeRight UIInterfaceOrientationPortrait UIInterfaceOrientationPortraitUpsideDown";
				IPHONEOS_DEPLOYMENT_TARGET = 15.6;
				LD_RUNPATH_SEARCH_PATHS = (
					"$(inherited)",
					"@executable_path/Frameworks",
				);
				MARKETING_VERSION = 1.0;
				PRODUCT_BUNDLE_IDENTIFIER = com.eunis.WinkyWeeklyApp;
				PRODUCT_NAME = "$(TARGET_NAME)";
				SUPPORTED_PLATFORMS = "iphoneos iphonesimulator";
				SUPPORTS_MACCATALYST = NO;
				SUPPORTS_MAC_DESIGNED_FOR_IPHONE_IPAD = NO;
				SUPPORTS_XR_DESIGNED_FOR_IPHONE_IPAD = NO;
				SWIFT_EMIT_LOC_STRINGS = YES;
				SWIFT_VERSION = 5.0;
				TARGETED_DEVICE_FAMILY = 1;
			};
			name = Release;
		};
		5DDE72752DDBC04A00AB478E /* Debug */ = {
			isa = XCBuildConfiguration;
			buildSettings = {
				ALWAYS_SEARCH_USER_PATHS = NO;
				ASSETCATALOG_COMPILER_GENERATE_SWIFT_ASSET_SYMBOL_EXTENSIONS = YES;
				CLANG_ANALYZER_NONNULL = YES;
				CLANG_ANALYZER_NUMBER_OBJECT_CONVERSION = YES_AGGRESSIVE;
				CLANG_CXX_LANGUAGE_STANDARD = "gnu++20";
				CLANG_ENABLE_MODULES = YES;
				CLANG_ENABLE_OBJC_ARC = YES;
				CLANG_ENABLE_OBJC_WEAK = YES;
				CLANG_WARN_BLOCK_CAPTURE_AUTORELEASING = YES;
				CLANG_WARN_BOOL_CONVERSION = YES;
				CLANG_WARN_COMMA = YES;
				CLANG_WARN_CONSTANT_CONVERSION = YES;
				CLANG_WARN_DEPRECATED_OBJC_IMPLEMENTATIONS = YES;
				CLANG_WARN_DIRECT_OBJC_ISA_USAGE = YES_ERROR;
				CLANG_WARN_DOCUMENTATION_COMMENTS = YES;
				CLANG_WARN_EMPTY_BODY = YES;
				CLANG_WARN_ENUM_CONVERSION = YES;
				CLANG_WARN_INFINITE_RECURSION = YES;
				CLANG_WARN_INT_CONVERSION = YES;
				CLANG_WARN_NON_LITERAL_NULL_CONVERSION = YES;
				CLANG_WARN_OBJC_IMPLICIT_RETAIN_SELF = YES;
				CLANG_WARN_OBJC_LITERAL_CONVERSION = YES;
				CLANG_WARN_OBJC_ROOT_CLASS = YES_ERROR;
				CLANG_WARN_QUOTED_INCLUDE_IN_FRAMEWORK_HEADER = YES;
				CLANG_WARN_RANGE_LOOP_ANALYSIS = YES;
				CLANG_WARN_STRICT_PROTOTYPES = YES;
				CLANG_WARN_SUSPICIOUS_MOVE = YES;
				CLANG_WARN_UNGUARDED_AVAILABILITY = YES_AGGRESSIVE;
				CLANG_WARN_UNREACHABLE_CODE = YES;
				CLANG_WARN__DUPLICATE_METHOD_MATCH = YES;
				COPY_PHASE_STRIP = NO;
				DEBUG_INFORMATION_FORMAT = dwarf;
				ENABLE_STRICT_OBJC_MSGSEND = YES;
				ENABLE_TESTABILITY = YES;
				ENABLE_USER_SCRIPT_SANDBOXING = YES;
				GCC_C_LANGUAGE_STANDARD = gnu17;
				GCC_DYNAMIC_NO_PIC = NO;
				GCC_NO_COMMON_BLOCKS = YES;
				GCC_OPTIMIZATION_LEVEL = 0;
				GCC_PREPROCESSOR_DEFINITIONS = (
					"DEBUG=1",
					"$(inherited)",
				);
				GCC_WARN_64_TO_32_BIT_CONVERSION = YES;
				GCC_WARN_ABOUT_RETURN_TYPE = YES_ERROR;
				GCC_WARN_UNDECLARED_SELECTOR = YES;
				GCC_WARN_UNINITIALIZED_AUTOS = YES_AGGRESSIVE;
				GCC_WARN_UNUSED_FUNCTION = YES;
				GCC_WARN_UNUSED_VARIABLE = YES;
				IPHONEOS_DEPLOYMENT_TARGET = 18.2;
				LOCALIZATION_PREFERS_STRING_CATALOGS = YES;
				MTL_ENABLE_DEBUG_INFO = INCLUDE_SOURCE;
				MTL_FAST_MATH = YES;
				ONLY_ACTIVE_ARCH = YES;
				SDKROOT = iphoneos;
				SWIFT_ACTIVE_COMPILATION_CONDITIONS = "DEBUG $(inherited)";
				SWIFT_OPTIMIZATION_LEVEL = "-Onone";
			};
			name = Debug;
		};
		5DDE72762DDBC04A00AB478E /* Release */ = {
			isa = XCBuildConfiguration;
			buildSettings = {
				ALWAYS_SEARCH_USER_PATHS = NO;
				ASSETCATALOG_COMPILER_GENERATE_SWIFT_ASSET_SYMBOL_EXTENSIONS = YES;
				CLANG_ANALYZER_NONNULL = YES;
				CLANG_ANALYZER_NUMBER_OBJECT_CONVERSION = YES_AGGRESSIVE;
				CLANG_CXX_LANGUAGE_STANDARD = "gnu++20";
				CLANG_ENABLE_MODULES = YES;
				CLANG_ENABLE_OBJC_ARC = YES;
				CLANG_ENABLE_OBJC_WEAK = YES;
				CLANG_WARN_BLOCK_CAPTURE_AUTORELEASING = YES;
				CLANG_WARN_BOOL_CONVERSION = YES;
				CLANG_WARN_COMMA = YES;
				CLANG_WARN_CONSTANT_CONVERSION = YES;
				CLANG_WARN_DEPRECATED_OBJC_IMPLEMENTATIONS = YES;
				CLANG_WARN_DIRECT_OBJC_ISA_USAGE = YES_ERROR;
				CLANG_WARN_DOCUMENTATION_COMMENTS = YES;
				CLANG_WARN_EMPTY_BODY = YES;
				CLANG_WARN_ENUM_CONVERSION = YES;
				CLANG_WARN_INFINITE_RECURSION = YES;
				CLANG_WARN_INT_CONVERSION = YES;
				CLANG_WARN_NON_LITERAL_NULL_CONVERSION = YES;
				CLANG_WARN_OBJC_IMPLICIT_RETAIN_SELF = YES;
				CLANG_WARN_OBJC_LITERAL_CONVERSION = YES;
				CLANG_WARN_OBJC_ROOT_CLASS = YES_ERROR;
				CLANG_WARN_QUOTED_INCLUDE_IN_FRAMEWORK_HEADER = YES;
				CLANG_WARN_RANGE_LOOP_ANALYSIS = YES;
				CLANG_WARN_STRICT_PROTOTYPES = YES;
				CLANG_WARN_SUSPICIOUS_MOVE = YES;
				CLANG_WARN_UNGUARDED_AVAILABILITY = YES_AGGRESSIVE;
				CLANG_WARN_UNREACHABLE_CODE = YES;
				CLANG_WARN__DUPLICATE_METHOD_MATCH = YES;
				COPY_PHASE_STRIP = NO;
				DEBUG_INFORMATION_FORMAT = "dwarf-with-dsym";
				ENABLE_NS_ASSERTIONS = NO;
				ENABLE_STRICT_OBJC_MSGSEND = YES;
				ENABLE_USER_SCRIPT_SANDBOXING = YES;
				GCC_C_LANGUAGE_STANDARD = gnu17;
				GCC_NO_COMMON_BLOCKS = YES;
				GCC_WARN_64_TO_32_BIT_CONVERSION = YES;
				GCC_WARN_ABOUT_RETURN_TYPE = YES_ERROR;
				GCC_WARN_UNDECLARED_SELECTOR = YES;
				GCC_WARN_UNINITIALIZED_AUTOS = YES_AGGRESSIVE;
				GCC_WARN_UNUSED_FUNCTION = YES;
				GCC_WARN_UNUSED_VARIABLE = YES;
				IPHONEOS_DEPLOYMENT_TARGET = 18.2;
				LOCALIZATION_PREFERS_STRING_CATALOGS = YES;
				MTL_ENABLE_DEBUG_INFO = NO;
				MTL_FAST_MATH = YES;
				SDKROOT = iphoneos;
				SWIFT_COMPILATION_MODE = wholemodule;
				VALIDATE_PRODUCT = YES;
			};
			name = Release;
		};
/* End XCBuildConfiguration section */

/* Begin XCConfigurationList section */
		5D77CDDE2DDF3CC0000BF790 /* Build configuration list for PBXNativeTarget "WinkyWeeklyAppTests" */ = {
			isa = XCConfigurationList;
			buildConfigurations = (
				5D77CDDF2DDF3CC0000BF790 /* Debug */,
				5D77CDE02DDF3CC0000BF790 /* Release */,
			);
			defaultConfigurationIsVisible = 0;
			defaultConfigurationName = Release;
		};
		5D77CDF42DDF40D4000BF790 /* Build configuration list for PBXNativeTarget "AddSubjectViewControllerTests" */ = {
			isa = XCConfigurationList;
			buildConfigurations = (
				5D77CDF52DDF40D4000BF790 /* Debug */,
				5D77CDF62DDF40D4000BF790 /* Release */,
			);
			defaultConfigurationIsVisible = 0;
			defaultConfigurationName = Release;
		};
		5DDE72572DDBC04900AB478E /* Build configuration list for PBXProject "WinkyWeeklyApp" */ = {
			isa = XCConfigurationList;
			buildConfigurations = (
				5DDE72752DDBC04A00AB478E /* Debug */,
				5DDE72762DDBC04A00AB478E /* Release */,
			);
			defaultConfigurationIsVisible = 0;
			defaultConfigurationName = Release;
		};
		5DDE72722DDBC04A00AB478E /* Build configuration list for PBXNativeTarget "WinkyWeeklyApp" */ = {
			isa = XCConfigurationList;
			buildConfigurations = (
				5DDE72732DDBC04A00AB478E /* Debug */,
				5DDE72742DDBC04A00AB478E /* Release */,
			);
			defaultConfigurationIsVisible = 0;
			defaultConfigurationName = Release;
		};
/* End XCConfigurationList section */
	};
	rootObject = 5DDE72542DDBC04900AB478E /* Project object */;
}
